
Microsoft Visual Studio Solution File, Format Version 12.00
# Visual Studio Version 16
VisualStudioVersion = 16.0.29920.165
MinimumVisualStudioVersion = 10.0.40219.1
Project("{FAE04EC0-301F-11D3-BF4B-00C04F79EFBC}") = "Test", "Test\Test.csproj", "{730F8BB3-F435-4293-92D0-33BA4D455636}"
EndProject
Project("{FAE04EC0-301F-11D3-BF4B-00C04F79EFBC}") = "EasyLua", "EasyLua\EasyLua.csproj", "{A6B4EAB4-7974-4AE5-B380-6D99C6818AA2}"
EndProject
Project("{2150E333-8FDC-42A3-9474-1A3956D46DE8}") = "Document", "Document", "{BC3C5E5C-7C5F-4DB1-99FA-8B2EE9A73DD6}"
	ProjectSection(SolutionItems) = preProject
		Document\规则：词法描述.md = Document\规则：词法描述.md
	EndProjectSection
EndProject
Global
	GlobalSection(SolutionConfigurationPlatforms) = preSolution
		Debug|Any CPU = Debug|Any CPU
		Release|Any CPU = Release|Any CPU
	EndGlobalSection
	GlobalSection(ProjectConfigurationPlatforms) = postSolution
		{730F8BB3-F435-4293-92D0-33BA4D455636}.Debug|Any CPU.ActiveCfg = Debug|Any CPU
		{730F8BB3-F435-4293-92D0-33BA4D455636}.Debug|Any CPU.Build.0 = Debug|Any CPU
		{730F8BB3-F435-4293-92D0-33BA4D455636}.Release|Any CPU.ActiveCfg = Release|Any CPU
		{730F8BB3-F435-4293-92D0-33BA4D455636}.Release|Any CPU.Build.0 = Release|Any CPU
		{A6B4EAB4-7974-4AE5-B380-6D99C6818AA2}.Debug|Any CPU.ActiveCfg = Debug|Any CPU
		{A6B4EAB4-7974-4AE5-B380-6D99C6818AA2}.Debug|Any CPU.Build.0 = Debug|Any CPU
		{A6B4EAB4-7974-4AE5-B380-6D99C6818AA2}.Release|Any CPU.ActiveCfg = Release|Any CPU
		{A6B4EAB4-7974-4AE5-B380-6D99C6818AA2}.Release|Any CPU.Build.0 = Release|Any CPU
	EndGlobalSection
	GlobalSection(SolutionProperties) = preSolution
		HideSolutionNode = FALSE
	EndGlobalSection
	GlobalSection(ExtensibilityGlobals) = postSolution
		SolutionGuid = {D43B6DAB-8C50-4990-AED1-41700FCA3656}
	EndGlobalSection
EndGlobal
